
Microsoft Visual Studio Solution File, Format Version 12.00
# Visual Studio Version 17
VisualStudioVersion = 17.5.33502.453
MinimumVisualStudioVersion = 10.0.40219.1
Project("{FAE04EC0-301F-11D3-BF4B-00C04F79EFBC}") = "Car_Kata", "Car_Kata.csproj", "{C9241727-F452-4AB5-A2C0-B00F6972DD36}"
EndProject
Project("{FAE04EC0-301F-11D3-BF4B-00C04F79EFBC}") = "Car_Kata_Tests", "..\Car_Kata_Tests\Car_Kata_Tests.csproj", "{B56C6844-8757-4E0E-B79A-39FEE7BB9136}"
EndProject
Global
	GlobalSection(SolutionConfigurationPlatforms) = preSolution
		Debug|Any CPU = Debug|Any CPU
		Release|Any CPU = Release|Any CPU
	EndGlobalSection
	GlobalSection(ProjectConfigurationPlatforms) = postSolution
		{C9241727-F452-4AB5-A2C0-B00F6972DD36}.Debug|Any CPU.ActiveCfg = Debug|Any CPU
		{C9241727-F452-4AB5-A2C0-B00F6972DD36}.Debug|Any CPU.Build.0 = Debug|Any CPU
		{C9241727-F452-4AB5-A2C0-B00F6972DD36}.Release|Any CPU.ActiveCfg = Release|Any CPU
		{C9241727-F452-4AB5-A2C0-B00F6972DD36}.Release|Any CPU.Build.0 = Release|Any CPU
		{B56C6844-8757-4E0E-B79A-39FEE7BB9136}.Debug|Any CPU.ActiveCfg = Debug|Any CPU
		{B56C6844-8757-4E0E-B79A-39FEE7BB9136}.Debug|Any CPU.Build.0 = Debug|Any CPU
		{B56C6844-8757-4E0E-B79A-39FEE7BB9136}.Release|Any CPU.ActiveCfg = Release|Any CPU
		{B56C6844-8757-4E0E-B79A-39FEE7BB9136}.Release|Any CPU.Build.0 = Release|Any CPU
	EndGlobalSection
	GlobalSection(SolutionProperties) = preSolution
		HideSolutionNode = FALSE
	EndGlobalSection
	GlobalSection(ExtensibilityGlobals) = postSolution
		SolutionGuid = {60BDCB31-3D21-4CB9-90E5-7ADABB65A1F2}
	EndGlobalSection
EndGlobal
